
Microsoft Visual Studio Solution File, Format Version 12.00
# Visual Studio Version 17
VisualStudioVersion = 17.12.35728.132 d17.12
MinimumVisualStudioVersion = 10.0.40219.1
Project("{FAE04EC0-301F-11D3-BF4B-00C04F79EFBC}") = "HospitalManagement-Backend", "HospitalManagement-Backend\HospitalManagement-Backend.csproj", "{AFB3F602-EE43-46C4-B611-41C121584A4A}"
EndProject
Global
	GlobalSection(SolutionConfigurationPlatforms) = preSolution
		Debug|Any CPU = Debug|Any CPU
		Release|Any CPU = Release|Any CPU
	EndGlobalSection
	GlobalSection(ProjectConfigurationPlatforms) = postSolution
		{AFB3F602-EE43-46C4-B611-41C121584A4A}.Debug|Any CPU.ActiveCfg = Debug|Any CPU
		{AFB3F602-EE43-46C4-B611-41C121584A4A}.Debug|Any CPU.Build.0 = Debug|Any CPU
		{AFB3F602-EE43-46C4-B611-41C121584A4A}.Release|Any CPU.ActiveCfg = Release|Any CPU
		{AFB3F602-EE43-46C4-B611-41C121584A4A}.Release|Any CPU.Build.0 = Release|Any CPU
	EndGlobalSection
	GlobalSection(SolutionProperties) = preSolution
		HideSolutionNode = FALSE
	EndGlobalSection
EndGlobal
